
Microsoft Visual Studio Solution File, Format Version 12.00
# Visual Studio Version 16
VisualStudioVersion = 16.0.31424.327
MinimumVisualStudioVersion = 10.0.40219.1
Project("{FAE04EC0-301F-11D3-BF4B-00C04F79EFBC}") = "Exemplo2Arquivo", "Exemplo2Arquivo\Exemplo2Arquivo.csproj", "{DF0FC3C8-CE0C-4228-B844-981DB1681784}"
EndProject
Global
	GlobalSection(SolutionConfigurationPlatforms) = preSolution
		Debug|Any CPU = Debug|Any CPU
		Release|Any CPU = Release|Any CPU
	EndGlobalSection
	GlobalSection(ProjectConfigurationPlatforms) = postSolution
		{DF0FC3C8-CE0C-4228-B844-981DB1681784}.Debug|Any CPU.ActiveCfg = Debug|Any CPU
		{DF0FC3C8-CE0C-4228-B844-981DB1681784}.Debug|Any CPU.Build.0 = Debug|Any CPU
		{DF0FC3C8-CE0C-4228-B844-981DB1681784}.Release|Any CPU.ActiveCfg = Release|Any CPU
		{DF0FC3C8-CE0C-4228-B844-981DB1681784}.Release|Any CPU.Build.0 = Release|Any CPU
	EndGlobalSection
	GlobalSection(SolutionProperties) = preSolution
		HideSolutionNode = FALSE
	EndGlobalSection
	GlobalSection(ExtensibilityGlobals) = postSolution
		SolutionGuid = {8AFE4981-A95D-4F8A-B53D-B230C4B10549}
	EndGlobalSection
EndGlobal
